
Microsoft Visual Studio Solution File, Format Version 12.00
# Visual Studio Version 16
VisualStudioVersion = 16.0.30621.155
MinimumVisualStudioVersion = 10.0.40219.1
Project("{9A19103F-16F7-4668-BE54-9A1E7A4F7556}") = "Tetris", "Tetris\Tetris.csproj", "{D1116BFB-4D67-442E-B7D6-A4D9E81F35FE}"
EndProject
Global
	GlobalSection(SolutionConfigurationPlatforms) = preSolution
		Debug|Any CPU = Debug|Any CPU
		Release|Any CPU = Release|Any CPU
	EndGlobalSection
	GlobalSection(ProjectConfigurationPlatforms) = postSolution
		{D1116BFB-4D67-442E-B7D6-A4D9E81F35FE}.Debug|Any CPU.ActiveCfg = Debug|Any CPU
		{D1116BFB-4D67-442E-B7D6-A4D9E81F35FE}.Debug|Any CPU.Build.0 = Debug|Any CPU
		{D1116BFB-4D67-442E-B7D6-A4D9E81F35FE}.Release|Any CPU.ActiveCfg = Release|Any CPU
		{D1116BFB-4D67-442E-B7D6-A4D9E81F35FE}.Release|Any CPU.Build.0 = Release|Any CPU
	EndGlobalSection
	GlobalSection(SolutionProperties) = preSolution
		HideSolutionNode = FALSE
	EndGlobalSection
	GlobalSection(ExtensibilityGlobals) = postSolution
		SolutionGuid = {69D310DE-EAD7-4CA6-B55B-A89FBC7F136C}
	EndGlobalSection
EndGlobal
